
Microsoft Visual Studio Solution File, Format Version 12.00
# Visual Studio Version 17
VisualStudioVersion = 17.0.32126.317
MinimumVisualStudioVersion = 10.0.40219.1
Project("{9A19103F-16F7-4668-BE54-9A1E7A4F7556}") = "CollatzConjecture", "CollatzConjecture\CollatzConjecture.csproj", "{FA86B3C0-29BF-4185-88FC-F4F004F9DCB4}"
EndProject
Project("{FAE04EC0-301F-11D3-BF4B-00C04F79EFBC}") = "CollatzConjecture.Core", "CollatzConjecture.Core\CollatzConjecture.Core.csproj", "{B6CA2110-CF0C-49ED-A819-1F7B9556E84F}"
EndProject
Project("{FAE04EC0-301F-11D3-BF4B-00C04F79EFBC}") = "CollatzConjecture.Wpf", "CollatzConjecture.Wpf\CollatzConjecture.Wpf.csproj", "{FF40DB10-21D6-4CB2-BEAE-A6D4A2923B09}"
EndProject
Global
	GlobalSection(SolutionConfigurationPlatforms) = preSolution
		Debug|Any CPU = Debug|Any CPU
		Release|Any CPU = Release|Any CPU
	EndGlobalSection
	GlobalSection(ProjectConfigurationPlatforms) = postSolution
		{FA86B3C0-29BF-4185-88FC-F4F004F9DCB4}.Debug|Any CPU.ActiveCfg = Debug|Any CPU
		{FA86B3C0-29BF-4185-88FC-F4F004F9DCB4}.Debug|Any CPU.Build.0 = Debug|Any CPU
		{FA86B3C0-29BF-4185-88FC-F4F004F9DCB4}.Release|Any CPU.ActiveCfg = Release|Any CPU
		{FA86B3C0-29BF-4185-88FC-F4F004F9DCB4}.Release|Any CPU.Build.0 = Release|Any CPU
		{B6CA2110-CF0C-49ED-A819-1F7B9556E84F}.Debug|Any CPU.ActiveCfg = Debug|Any CPU
		{B6CA2110-CF0C-49ED-A819-1F7B9556E84F}.Debug|Any CPU.Build.0 = Debug|Any CPU
		{B6CA2110-CF0C-49ED-A819-1F7B9556E84F}.Release|Any CPU.ActiveCfg = Release|Any CPU
		{B6CA2110-CF0C-49ED-A819-1F7B9556E84F}.Release|Any CPU.Build.0 = Release|Any CPU
		{FF40DB10-21D6-4CB2-BEAE-A6D4A2923B09}.Debug|Any CPU.ActiveCfg = Debug|Any CPU
		{FF40DB10-21D6-4CB2-BEAE-A6D4A2923B09}.Debug|Any CPU.Build.0 = Debug|Any CPU
		{FF40DB10-21D6-4CB2-BEAE-A6D4A2923B09}.Release|Any CPU.ActiveCfg = Release|Any CPU
		{FF40DB10-21D6-4CB2-BEAE-A6D4A2923B09}.Release|Any CPU.Build.0 = Release|Any CPU
	EndGlobalSection
	GlobalSection(SolutionProperties) = preSolution
		HideSolutionNode = FALSE
	EndGlobalSection
	GlobalSection(ExtensibilityGlobals) = postSolution
		SolutionGuid = {BBB79311-A893-4772-805A-48597A359DA4}
	EndGlobalSection
EndGlobal
